
Microsoft Visual Studio Solution File, Format Version 12.00
# Visual Studio Version 17
VisualStudioVersion = 17.14.37411.7 d17.14
MinimumVisualStudioVersion = 10.0.40219.1
Project("{C9674DCB-5085-4A16-B785-4C70DD1589BD}") = "Week 5 Project", "Week 5 Project\Week 5 Project.dtproj", "{A58CA43A-A62C-7625-6761-9408F8515310}"
EndProject
Global
	GlobalSection(SolutionConfigurationPlatforms) = preSolution
		Development|Default = Development|Default
	EndGlobalSection
	GlobalSection(ProjectConfigurationPlatforms) = postSolution
		{A58CA43A-A62C-7625-6761-9408F8515310}.Development|Default.ActiveCfg = Development
		{A58CA43A-A62C-7625-6761-9408F8515310}.Development|Default.Build.0 = Development
	EndGlobalSection
	GlobalSection(SolutionProperties) = preSolution
		HideSolutionNode = FALSE
	EndGlobalSection
	GlobalSection(ExtensibilityGlobals) = postSolution
		SolutionGuid = {144382D1-8A67-4272-B4AB-DFEBB5406C5C}
	EndGlobalSection
EndGlobal
